// !$*UTF8*$!
{
	archiveVersion = 1;
	classes = {
	};
	objectVersion = 56;
	objects = {

/* Begin PBXBuildFile section */
		18D5A4332AE10D6C001374B6 /* 5615.cpp in Sources */ = {isa = PBXBuildFile; fileRef = 18D5A4322AE10D6C001374B6 /* 5615.cpp */; };
/* End PBXBuildFile section */

/* Begin PBXCopyFilesBuildPhase section */
		18911DB02AAEF5600098F9C2 /* CopyFiles */ = {
			isa = PBXCopyFilesBuildPhase;
			buildActionMask = 2147483647;
			dstPath = /usr/share/man/man1/;
			dstSubfolderSpec = 0;
			files = (
			);
			runOnlyForDeploymentPostprocessing = 1;
		};
/* End PBXCopyFilesBuildPhase section */

/* Begin PBXFileReference section */
		183645AC2AB0381B00AEE9B5 /* 20437.cpp */ = {isa = PBXFileReference; lastKnownFileType = sourcecode.cpp.cpp; path = 20437.cpp; sourceTree = "<group>"; };
		183645B12AB0482B00AEE9B5 /* 1245.cpp */ = {isa = PBXFileReference; lastKnownFileType = sourcecode.cpp.cpp; path = 1245.cpp; sourceTree = "<group>"; };
		183645C72AB05B2D00AEE9B5 /* 5557.cpp */ = {isa = PBXFileReference; lastKnownFileType = sourcecode.cpp.cpp; path = 5557.cpp; sourceTree = "<group>"; };
		183645CB2AB05EC100AEE9B5 /* 9084.cpp */ = {isa = PBXFileReference; lastKnownFileType = sourcecode.cpp.cpp; path = 9084.cpp; sourceTree = "<group>"; };
		183A6DA02ABD7E080077E622 /* 30090.cpp */ = {isa = PBXFileReference; lastKnownFileType = sourcecode.cpp.cpp; path = 30090.cpp; sourceTree = "<group>"; };
		1844D9882ADFB8620011704C /* 3107.cpp */ = {isa = PBXFileReference; lastKnownFileType = sourcecode.cpp.cpp; path = 3107.cpp; sourceTree = "<group>"; };
		1844D98A2ADFBFCA0011704C /* 16719.cpp */ = {isa = PBXFileReference; lastKnownFileType = sourcecode.cpp.cpp; path = 16719.cpp; sourceTree = "<group>"; };
		1844D98C2ADFCC3A0011704C /* 23304.cpp */ = {isa = PBXFileReference; lastKnownFileType = sourcecode.cpp.cpp; path = 23304.cpp; sourceTree = "<group>"; };
		1844D98F2ADFD14A0011704C /* 6581.cpp */ = {isa = PBXFileReference; lastKnownFileType = sourcecode.cpp.cpp; path = 6581.cpp; sourceTree = "<group>"; };
		1844D9912ADFD9A10011704C /* 6198.cpp */ = {isa = PBXFileReference; lastKnownFileType = sourcecode.cpp.cpp; path = 6198.cpp; sourceTree = "<group>"; };
		1844D9932ADFDF6F0011704C /* 6549.cpp */ = {isa = PBXFileReference; lastKnownFileType = sourcecode.cpp.cpp; path = 6549.cpp; sourceTree = "<group>"; };
		1844D9952ADFEC4D0011704C /* 11003.cpp */ = {isa = PBXFileReference; lastKnownFileType = sourcecode.cpp.cpp; path = 11003.cpp; sourceTree = "<group>"; };
		185077002AD7DC9D00B8A97E /* 16985.cpp */ = {isa = PBXFileReference; lastKnownFileType = sourcecode.cpp.cpp; path = 16985.cpp; sourceTree = "<group>"; };
		185077022AD7EFF100B8A97E /* 5373.cpp */ = {isa = PBXFileReference; lastKnownFileType = sourcecode.cpp.cpp; path = 5373.cpp; sourceTree = "<group>"; };
		185077042AD7F3BA00B8A97E /* 2623.cpp */ = {isa = PBXFileReference; lastKnownFileType = sourcecode.cpp.cpp; path = 2623.cpp; sourceTree = "<group>"; };
		185077062AD7FA6700B8A97E /* 2665.cpp */ = {isa = PBXFileReference; lastKnownFileType = sourcecode.cpp.cpp; path = 2665.cpp; sourceTree = "<group>"; };
		185077082AD800C200B8A97E /* 18223.cpp */ = {isa = PBXFileReference; lastKnownFileType = sourcecode.cpp.cpp; path = 18223.cpp; sourceTree = "<group>"; };
		1850770A2AD8051400B8A97E /* 4485.cpp */ = {isa = PBXFileReference; lastKnownFileType = sourcecode.cpp.cpp; path = 4485.cpp; sourceTree = "<group>"; };
		18510C892AB82E4200162E29 /* 7045.cpp */ = {isa = PBXFileReference; lastKnownFileType = sourcecode.cpp.cpp; path = 7045.cpp; sourceTree = "<group>"; };
		18510C8F2AB8469300162E29 /* 30028.cpp */ = {isa = PBXFileReference; lastKnownFileType = sourcecode.cpp.cpp; path = 30028.cpp; sourceTree = "<group>"; };
		18510C922AB85FC800162E29 /* 30026.cpp */ = {isa = PBXFileReference; lastKnownFileType = sourcecode.cpp.cpp; path = 30026.cpp; sourceTree = "<group>"; };
		18510C942AB8647300162E29 /* 30033.cpp */ = {isa = PBXFileReference; lastKnownFileType = sourcecode.cpp.cpp; path = 30033.cpp; sourceTree = "<group>"; };
		1855A1412ACE97E00098A5E0 /* 17142.cpp */ = {isa = PBXFileReference; lastKnownFileType = sourcecode.cpp.cpp; path = 17142.cpp; sourceTree = "<group>"; };
		1855A1442ACEA5430098A5E0 /* 4991.cpp */ = {isa = PBXFileReference; lastKnownFileType = sourcecode.cpp.cpp; path = 4991.cpp; sourceTree = "<group>"; };
		1855A1472ACED20D0098A5E0 /* 2090.cpp */ = {isa = PBXFileReference; lastKnownFileType = sourcecode.cpp.cpp; path = 2090.cpp; sourceTree = "<group>"; };
		1855A6D72AB56D6900C74BB9 /* 2002.cpp */ = {isa = PBXFileReference; lastKnownFileType = sourcecode.cpp.cpp; path = 2002.cpp; sourceTree = "<group>"; };
		1855A6DA2AB5788400C74BB9 /* 29813.cpp */ = {isa = PBXFileReference; lastKnownFileType = sourcecode.cpp.cpp; path = 29813.cpp; sourceTree = "<group>"; };
		1855A6DE2AB57C1300C74BB9 /* 14442.cpp */ = {isa = PBXFileReference; lastKnownFileType = sourcecode.cpp.cpp; path = 14442.cpp; sourceTree = "<group>"; };
		185F00F82ADE89C30078B941 /* 1969.cpp */ = {isa = PBXFileReference; lastKnownFileType = sourcecode.cpp.cpp; path = 1969.cpp; sourceTree = "<group>"; };
		185F00FA2ADE8E530078B941 /* 2999.cpp */ = {isa = PBXFileReference; lastKnownFileType = sourcecode.cpp.cpp; path = 2999.cpp; sourceTree = "<group>"; };
		185F00FC2ADE93470078B941 /* 9536.cpp */ = {isa = PBXFileReference; lastKnownFileType = sourcecode.cpp.cpp; path = 9536.cpp; sourceTree = "<group>"; };
		185F00FE2ADE985B0078B941 /* 15312.cpp */ = {isa = PBXFileReference; lastKnownFileType = sourcecode.cpp.cpp; path = 15312.cpp; sourceTree = "<group>"; };
		1861D8E32AC026A700E05153 /* 30016.cpp */ = {isa = PBXFileReference; lastKnownFileType = sourcecode.cpp.cpp; path = 30016.cpp; sourceTree = "<group>"; };
		1861D8E52AC0387F00E05153 /* 30013.cpp */ = {isa = PBXFileReference; lastKnownFileType = sourcecode.cpp.cpp; path = 30013.cpp; sourceTree = "<group>"; };
		186F15D12ACD372400C21F03 /* 1157.cpp */ = {isa = PBXFileReference; lastKnownFileType = sourcecode.cpp.cpp; path = 1157.cpp; sourceTree = "<group>"; };
		186F15D42ACD3A4300C21F03 /* 1313_hardcode.cpp */ = {isa = PBXFileReference; lastKnownFileType = sourcecode.cpp.cpp; path = 1313_hardcode.cpp; sourceTree = "<group>"; };
		186F15D62ACD3EB700C21F03 /* 1313.cpp */ = {isa = PBXFileReference; lastKnownFileType = sourcecode.cpp.cpp; path = 1313.cpp; sourceTree = "<group>"; };
		186F15DB2ACD4B9900C21F03 /* 15685.cpp */ = {isa = PBXFileReference; lastKnownFileType = sourcecode.cpp.cpp; path = 15685.cpp; sourceTree = "<group>"; };
		186F15DD2ACD5E4500C21F03 /* 17140.cpp */ = {isa = PBXFileReference; lastKnownFileType = sourcecode.cpp.cpp; path = 17140.cpp; sourceTree = "<group>"; };
		186F15DF2ACD6DD000C21F03 /* 17141.cpp */ = {isa = PBXFileReference; lastKnownFileType = sourcecode.cpp.cpp; path = 17141.cpp; sourceTree = "<group>"; };
		188E0A7B2AD66FB70064B7AB /* 2798.cpp */ = {isa = PBXFileReference; lastKnownFileType = sourcecode.cpp.cpp; path = 2798.cpp; sourceTree = "<group>"; };
		188E0A7D2AD6734B0064B7AB /* 16987.cpp */ = {isa = PBXFileReference; lastKnownFileType = sourcecode.cpp.cpp; path = 16987.cpp; sourceTree = "<group>"; };
		188E0A7F2AD67D7D0064B7AB /* 16988.cpp */ = {isa = PBXFileReference; lastKnownFileType = sourcecode.cpp.cpp; path = 16988.cpp; sourceTree = "<group>"; };
		188E0A812AD6865E0064B7AB /* 16986.cpp */ = {isa = PBXFileReference; lastKnownFileType = sourcecode.cpp.cpp; path = 16986.cpp; sourceTree = "<group>"; };
		188E0A832AD6AB790064B7AB /* 10384.cpp */ = {isa = PBXFileReference; lastKnownFileType = sourcecode.cpp.cpp; path = 10384.cpp; sourceTree = "<group>"; };
		18911DB22AAEF5600098F9C2 /* BOJ */ = {isa = PBXFileReference; explicitFileType = "compiled.mach-o.executable"; includeInIndex = 0; path = BOJ; sourceTree = BUILT_PRODUCTS_DIR; };
		18911DB52AAEF5600098F9C2 /* main.cpp */ = {isa = PBXFileReference; lastKnownFileType = sourcecode.cpp.cpp; path = main.cpp; sourceTree = "<group>"; };
		18911DBD2AAEF67D0098F9C2 /* 29737.cpp */ = {isa = PBXFileReference; lastKnownFileType = sourcecode.cpp.cpp; path = 29737.cpp; sourceTree = "<group>"; };
		18911DC12AAF01810098F9C2 /* 23736.cpp */ = {isa = PBXFileReference; lastKnownFileType = sourcecode.cpp.cpp; path = 23736.cpp; sourceTree = "<group>"; };
		18911DC42AAF03840098F9C2 /* 29733.cpp */ = {isa = PBXFileReference; lastKnownFileType = sourcecode.cpp.cpp; path = 29733.cpp; sourceTree = "<group>"; };
		18911DC82AAF14E10098F9C2 /* 29703.cpp */ = {isa = PBXFileReference; lastKnownFileType = sourcecode.cpp.cpp; path = 29703.cpp; sourceTree = "<group>"; };
		18911DCB2AAF26E70098F9C2 /* 17071.cpp */ = {isa = PBXFileReference; lastKnownFileType = sourcecode.cpp.cpp; path = 17071.cpp; sourceTree = "<group>"; };
		1895C6E62AB2F01500CB1DAD /* 1965.cpp */ = {isa = PBXFileReference; lastKnownFileType = sourcecode.cpp.cpp; path = 1965.cpp; sourceTree = "<group>"; };
		1895C6E92AB2F40F00CB1DAD /* 10164.cpp */ = {isa = PBXFileReference; lastKnownFileType = sourcecode.cpp.cpp; path = 10164.cpp; sourceTree = "<group>"; };
		1895C6EC2AB3051900CB1DAD /* 2631.cpp */ = {isa = PBXFileReference; lastKnownFileType = sourcecode.cpp.cpp; path = 2631.cpp; sourceTree = "<group>"; };
		1895C6EE2AB308B100CB1DAD /* 2302.cpp */ = {isa = PBXFileReference; lastKnownFileType = sourcecode.cpp.cpp; path = 2302.cpp; sourceTree = "<group>"; };
		1895C6F02AB314AD00CB1DAD /* 1495.cpp */ = {isa = PBXFileReference; lastKnownFileType = sourcecode.cpp.cpp; path = 1495.cpp; sourceTree = "<group>"; };
		1895C6F22AB31CB500CB1DAD /* 17069.cpp */ = {isa = PBXFileReference; lastKnownFileType = sourcecode.cpp.cpp; path = 17069.cpp; sourceTree = "<group>"; };
		1895C6F52AB44B0E00CB1DAD /* 11931.cpp */ = {isa = PBXFileReference; lastKnownFileType = sourcecode.cpp.cpp; path = 11931.cpp; sourceTree = "<group>"; };
		1895C6F82AB44CA000CB1DAD /* 15688.cpp */ = {isa = PBXFileReference; lastKnownFileType = sourcecode.cpp.cpp; path = 15688.cpp; sourceTree = "<group>"; };
		1895C6FA2AB44D9900CB1DAD /* 10867.cpp */ = {isa = PBXFileReference; lastKnownFileType = sourcecode.cpp.cpp; path = 10867.cpp; sourceTree = "<group>"; };
		1895C6FE2AB4515000CB1DAD /* 13316.cpp */ = {isa = PBXFileReference; lastKnownFileType = sourcecode.cpp.cpp; path = 13316.cpp; sourceTree = "<group>"; };
		1895C7002AB454C900CB1DAD /* 2250.cpp */ = {isa = PBXFileReference; lastKnownFileType = sourcecode.cpp.cpp; path = 2250.cpp; sourceTree = "<group>"; };
		1895C7022AB45B8D00CB1DAD /* 10217.cpp */ = {isa = PBXFileReference; lastKnownFileType = sourcecode.cpp.cpp; path = 10217.cpp; sourceTree = "<group>"; };
		1895C7052AB4693700CB1DAD /* 6359.cpp */ = {isa = PBXFileReference; lastKnownFileType = sourcecode.cpp.cpp; path = 6359.cpp; sourceTree = "<group>"; };
		1895C7072AB46E9200CB1DAD /* 1145.cpp */ = {isa = PBXFileReference; lastKnownFileType = sourcecode.cpp.cpp; path = 1145.cpp; sourceTree = "<group>"; };
		18AF30562ABC142C004B8A21 /* 2457.cpp */ = {isa = PBXFileReference; lastKnownFileType = sourcecode.cpp.cpp; path = 2457.cpp; sourceTree = "<group>"; };
		18AF30582ABC240A004B8A21 /* 16120.cpp */ = {isa = PBXFileReference; lastKnownFileType = sourcecode.cpp.cpp; path = 16120.cpp; sourceTree = "<group>"; };
		18AF305A2ABC2DC5004B8A21 /* 15736.cpp */ = {isa = PBXFileReference; lastKnownFileType = sourcecode.cpp.cpp; path = 15736.cpp; sourceTree = "<group>"; };
		18AF305D2ABC30E8004B8A21 /* 3036.cpp */ = {isa = PBXFileReference; lastKnownFileType = sourcecode.cpp.cpp; path = 3036.cpp; sourceTree = "<group>"; };
		18AF30602ABC3762004B8A21 /* 18511.cpp */ = {isa = PBXFileReference; lastKnownFileType = sourcecode.cpp.cpp; path = 18511.cpp; sourceTree = "<group>"; };
		18AF30622ABC37A5004B8A21 /* 7453.cpp */ = {isa = PBXFileReference; lastKnownFileType = sourcecode.cpp.cpp; path = 7453.cpp; sourceTree = "<group>"; };
		18AF30642ABC46F6004B8A21 /* 14921.cpp */ = {isa = PBXFileReference; lastKnownFileType = sourcecode.cpp.cpp; path = 14921.cpp; sourceTree = "<group>"; };
		18AF30662ABC4B33004B8A21 /* 1547.cpp */ = {isa = PBXFileReference; lastKnownFileType = sourcecode.cpp.cpp; path = 1547.cpp; sourceTree = "<group>"; };
		18AF30682ABC4CB6004B8A21 /* 11559.cpp */ = {isa = PBXFileReference; lastKnownFileType = sourcecode.cpp.cpp; path = 11559.cpp; sourceTree = "<group>"; };
		18B2DB482ABEE3D20004E989 /* 15898.cpp */ = {isa = PBXFileReference; lastKnownFileType = sourcecode.cpp.cpp; path = 15898.cpp; sourceTree = "<group>"; };
		18D5A4302AE1089B001374B6 /* 4149.cpp */ = {isa = PBXFileReference; lastKnownFileType = sourcecode.cpp.cpp; path = 4149.cpp; sourceTree = "<group>"; };
		18D5A4322AE10D6C001374B6 /* 5615.cpp */ = {isa = PBXFileReference; lastKnownFileType = sourcecode.cpp.cpp; path = 5615.cpp; sourceTree = "<group>"; };
		18DF334D2ABEC58E001DE694 /* 1941.cpp */ = {isa = PBXFileReference; lastKnownFileType = sourcecode.cpp.cpp; path = 1941.cpp; sourceTree = "<group>"; };
		18DF334F2ABED699001DE694 /* 1019.cpp */ = {isa = PBXFileReference; lastKnownFileType = sourcecode.cpp.cpp; path = 1019.cpp; sourceTree = "<group>"; };
		18EDE8AF2ACAAC81001FFB51 /* 2386.cpp */ = {isa = PBXFileReference; lastKnownFileType = sourcecode.cpp.cpp; path = 2386.cpp; sourceTree = "<group>"; };
		18EDE8B22ACAB819001FFB51 /* 1371.cpp */ = {isa = PBXFileReference; lastKnownFileType = sourcecode.cpp.cpp; path = 1371.cpp; sourceTree = "<group>"; };
		18FA8F592ADD137600C94505 /* 4386.cpp */ = {isa = PBXFileReference; lastKnownFileType = sourcecode.cpp.cpp; path = 4386.cpp; sourceTree = "<group>"; };
		18FA8F5B2ADD241500C94505 /* 1786.cpp */ = {isa = PBXFileReference; lastKnownFileType = sourcecode.cpp.cpp; path = 1786.cpp; sourceTree = "<group>"; };
		18FA8F5D2ADD28E600C94505 /* 14588.cpp */ = {isa = PBXFileReference; lastKnownFileType = sourcecode.cpp.cpp; path = 14588.cpp; sourceTree = "<group>"; };
		18FA8F5F2ADD34AA00C94505 /* 11780.cpp */ = {isa = PBXFileReference; lastKnownFileType = sourcecode.cpp.cpp; path = 11780.cpp; sourceTree = "<group>"; };
		18FA8F622ADD46DA00C94505 /* 3613.cpp */ = {isa = PBXFileReference; lastKnownFileType = sourcecode.cpp.cpp; path = 3613.cpp; sourceTree = "<group>"; };
		18FA8F642ADD4A3B00C94505 /* 2870.cpp */ = {isa = PBXFileReference; lastKnownFileType = sourcecode.cpp.cpp; path = 2870.cpp; sourceTree = "<group>"; };
		18FC98432AB9917D009D2AFB /* 10451.cpp */ = {isa = PBXFileReference; lastKnownFileType = sourcecode.cpp.cpp; path = 10451.cpp; sourceTree = "<group>"; };
		18FC98462AB99A0F009D2AFB /* 13275.cpp */ = {isa = PBXFileReference; lastKnownFileType = sourcecode.cpp.cpp; path = 13275.cpp; sourceTree = "<group>"; };
		18FC98482AB99D8F009D2AFB /* 14444.cpp */ = {isa = PBXFileReference; lastKnownFileType = sourcecode.cpp.cpp; path = 14444.cpp; sourceTree = "<group>"; };
		18FC984B2AB99F53009D2AFB /* 16163.cpp */ = {isa = PBXFileReference; lastKnownFileType = sourcecode.cpp.cpp; path = 16163.cpp; sourceTree = "<group>"; };
		18FC984D2AB9A945009D2AFB /* 5582.cpp */ = {isa = PBXFileReference; lastKnownFileType = sourcecode.cpp.cpp; path = 5582.cpp; sourceTree = "<group>"; };
		18FC984F2AB9AE25009D2AFB /* 30017.cpp */ = {isa = PBXFileReference; lastKnownFileType = sourcecode.cpp.cpp; path = 30017.cpp; sourceTree = "<group>"; };
		18FD2C1A2AD943A500A593BC /* 5567.cpp */ = {isa = PBXFileReference; lastKnownFileType = sourcecode.cpp.cpp; path = 5567.cpp; sourceTree = "<group>"; };
		18FD2C1C2AD9480800A593BC /* 6118.cpp */ = {isa = PBXFileReference; lastKnownFileType = sourcecode.cpp.cpp; path = 6118.cpp; sourceTree = "<group>"; };
		18FD2C1E2AD949E600A593BC /* 5214.cpp */ = {isa = PBXFileReference; lastKnownFileType = sourcecode.cpp.cpp; path = 5214.cpp; sourceTree = "<group>"; };
		18FD2C202AD957D000A593BC /* 6497.cpp */ = {isa = PBXFileReference; lastKnownFileType = sourcecode.cpp.cpp; path = 6497.cpp; sourceTree = "<group>"; };
/* End PBXFileReference section */

/* Begin PBXFrameworksBuildPhase section */
		18911DAF2AAEF5600098F9C2 /* Frameworks */ = {
			isa = PBXFrameworksBuildPhase;
			buildActionMask = 2147483647;
			files = (
			);
			runOnlyForDeploymentPostprocessing = 0;
		};
/* End PBXFrameworksBuildPhase section */

/* Begin PBXGroup section */
		183645AE2AB0477000AEE9B5 /* 29000~ */ = {
			isa = PBXGroup;
			children = (
				18911DBD2AAEF67D0098F9C2 /* 29737.cpp */,
				18911DC42AAF03840098F9C2 /* 29733.cpp */,
				18911DC82AAF14E10098F9C2 /* 29703.cpp */,
				1855A6DA2AB5788400C74BB9 /* 29813.cpp */,
			);
			path = "29000~";
			sourceTree = "<group>";
		};
		183645AF2AB0481200AEE9B5 /* 00000++ */ = {
			isa = PBXGroup;
			children = (
				183645B02AB0481D00AEE9B5 /* 1000~ */,
				1895C6EB2AB3050700CB1DAD /* 2000~ */,
				18AF305C2ABC30D9004B8A21 /* 3000~ */,
				1855A1432ACEA5360098A5E0 /* 4000~ */,
				183645C62AB05B1D00AEE9B5 /* 5000~ */,
				1895C7042AB4691200CB1DAD /* 6000~ */,
				18510C882AB82E3900162E29 /* 7000~ */,
				183645CA2AB05EB100AEE9B5 /* 9000~ */,
			);
			path = "00000++";
			sourceTree = "<group>";
		};
		183645B02AB0481D00AEE9B5 /* 1000~ */ = {
			isa = PBXGroup;
			children = (
				183645B12AB0482B00AEE9B5 /* 1245.cpp */,
				1895C6E62AB2F01500CB1DAD /* 1965.cpp */,
				1895C6F02AB314AD00CB1DAD /* 1495.cpp */,
				1895C7072AB46E9200CB1DAD /* 1145.cpp */,
				18AF30662ABC4B33004B8A21 /* 1547.cpp */,
				18DF334D2ABEC58E001DE694 /* 1941.cpp */,
				18DF334F2ABED699001DE694 /* 1019.cpp */,
				18EDE8B22ACAB819001FFB51 /* 1371.cpp */,
				186F15D12ACD372400C21F03 /* 1157.cpp */,
				186F15D42ACD3A4300C21F03 /* 1313_hardcode.cpp */,
				186F15D62ACD3EB700C21F03 /* 1313.cpp */,
				18FA8F5B2ADD241500C94505 /* 1786.cpp */,
				185F00F82ADE89C30078B941 /* 1969.cpp */,
			);
			path = "1000~";
			sourceTree = "<group>";
		};
		183645C62AB05B1D00AEE9B5 /* 5000~ */ = {
			isa = PBXGroup;
			children = (
				183645C72AB05B2D00AEE9B5 /* 5557.cpp */,
				18FC984D2AB9A945009D2AFB /* 5582.cpp */,
				185077022AD7EFF100B8A97E /* 5373.cpp */,
				18FD2C1A2AD943A500A593BC /* 5567.cpp */,
				18FD2C1E2AD949E600A593BC /* 5214.cpp */,
				18D5A4322AE10D6C001374B6 /* 5615.cpp */,
			);
			path = "5000~";
			sourceTree = "<group>";
		};
		183645CA2AB05EB100AEE9B5 /* 9000~ */ = {
			isa = PBXGroup;
			children = (
				183645CB2AB05EC100AEE9B5 /* 9084.cpp */,
				185F00FC2ADE93470078B941 /* 9536.cpp */,
			);
			path = "9000~";
			sourceTree = "<group>";
		};
		183645CE2AB0763A00AEE9B5 /* 23000~ */ = {
			isa = PBXGroup;
			children = (
				18911DC12AAF01810098F9C2 /* 23736.cpp */,
				1844D98C2ADFCC3A0011704C /* 23304.cpp */,
			);
			path = "23000~";
			sourceTree = "<group>";
		};
		183645CF2AB0769C00AEE9B5 /* 20000~ */ = {
			isa = PBXGroup;
			children = (
				183645AC2AB0381B00AEE9B5 /* 20437.cpp */,
			);
			path = "20000~";
			sourceTree = "<group>";
		};
		183645D02AB076EA00AEE9B5 /* 17000~ */ = {
			isa = PBXGroup;
			children = (
				18911DCB2AAF26E70098F9C2 /* 17071.cpp */,
				1895C6F22AB31CB500CB1DAD /* 17069.cpp */,
				186F15DD2ACD5E4500C21F03 /* 17140.cpp */,
				186F15DF2ACD6DD000C21F03 /* 17141.cpp */,
				1855A1412ACE97E00098A5E0 /* 17142.cpp */,
			);
			path = "17000~";
			sourceTree = "<group>";
		};
		18510C882AB82E3900162E29 /* 7000~ */ = {
			isa = PBXGroup;
			children = (
				18510C892AB82E4200162E29 /* 7045.cpp */,
				18AF30622ABC37A5004B8A21 /* 7453.cpp */,
			);
			path = "7000~";
			sourceTree = "<group>";
		};
		18510C8D2AB8467E00162E29 /* 30000++ */ = {
			isa = PBXGroup;
			children = (
				18510C8E2AB8468600162E29 /* 30000~ */,
			);
			path = "30000++";
			sourceTree = "<group>";
		};
		18510C8E2AB8468600162E29 /* 30000~ */ = {
			isa = PBXGroup;
			children = (
				18510C8F2AB8469300162E29 /* 30028.cpp */,
				18510C922AB85FC800162E29 /* 30026.cpp */,
				18510C942AB8647300162E29 /* 30033.cpp */,
				18FC984F2AB9AE25009D2AFB /* 30017.cpp */,
				183A6DA02ABD7E080077E622 /* 30090.cpp */,
				1861D8E32AC026A700E05153 /* 30016.cpp */,
				1861D8E52AC0387F00E05153 /* 30013.cpp */,
			);
			path = "30000~";
			sourceTree = "<group>";
		};
		1855A1432ACEA5360098A5E0 /* 4000~ */ = {
			isa = PBXGroup;
			children = (
				1855A1442ACEA5430098A5E0 /* 4991.cpp */,
				1850770A2AD8051400B8A97E /* 4485.cpp */,
				18FA8F592ADD137600C94505 /* 4386.cpp */,
				18D5A4302AE1089B001374B6 /* 4149.cpp */,
			);
			path = "4000~";
			sourceTree = "<group>";
		};
		1855A6DC2AB57BF000C74BB9 /* 14000~ */ = {
			isa = PBXGroup;
			children = (
				1855A6DE2AB57C1300C74BB9 /* 14442.cpp */,
				18FC98482AB99D8F009D2AFB /* 14444.cpp */,
				18AF30642ABC46F6004B8A21 /* 14921.cpp */,
				18FA8F5D2ADD28E600C94505 /* 14588.cpp */,
			);
			path = "14000~";
			sourceTree = "<group>";
		};
		18911DA92AAEF5600098F9C2 = {
			isa = PBXGroup;
			children = (
				18911DB42AAEF5600098F9C2 /* BOJ */,
				18911DB32AAEF5600098F9C2 /* Products */,
			);
			sourceTree = "<group>";
		};
		18911DB32AAEF5600098F9C2 /* Products */ = {
			isa = PBXGroup;
			children = (
				18911DB22AAEF5600098F9C2 /* BOJ */,
			);
			name = Products;
			sourceTree = "<group>";
		};
		18911DB42AAEF5600098F9C2 /* BOJ */ = {
			isa = PBXGroup;
			children = (
				183645AF2AB0481200AEE9B5 /* 00000++ */,
				18911DCA2AAF26D90098F9C2 /* 10000++ */,
				18911DBC2AAEF6450098F9C2 /* 20000++ */,
				18510C8D2AB8467E00162E29 /* 30000++ */,
				18911DB52AAEF5600098F9C2 /* main.cpp */,
			);
			path = BOJ;
			sourceTree = "<group>";
		};
		18911DBC2AAEF6450098F9C2 /* 20000++ */ = {
			isa = PBXGroup;
			children = (
				183645CF2AB0769C00AEE9B5 /* 20000~ */,
				183645CE2AB0763A00AEE9B5 /* 23000~ */,
				183645AE2AB0477000AEE9B5 /* 29000~ */,
			);
			path = "20000++";
			sourceTree = "<group>";
		};
		18911DCA2AAF26D90098F9C2 /* 10000++ */ = {
			isa = PBXGroup;
			children = (
				1895C6E82AB2F40300CB1DAD /* 10000~ */,
				1895C6F42AB44AF200CB1DAD /* 11000~ */,
				1895C6FC2AB4513C00CB1DAD /* 13000~ */,
				1855A6DC2AB57BF000C74BB9 /* 14000~ */,
				1895C6F72AB44C5E00CB1DAD /* 15000~ */,
				18FC984A2AB99F41009D2AFB /* 16000~ */,
				183645D02AB076EA00AEE9B5 /* 17000~ */,
				18AF305F2ABC3715004B8A21 /* 18000~ */,
			);
			path = "10000++";
			sourceTree = "<group>";
		};
		1895C6E82AB2F40300CB1DAD /* 10000~ */ = {
			isa = PBXGroup;
			children = (
				1895C6E92AB2F40F00CB1DAD /* 10164.cpp */,
				1895C6FA2AB44D9900CB1DAD /* 10867.cpp */,
				1895C7022AB45B8D00CB1DAD /* 10217.cpp */,
				18FC98432AB9917D009D2AFB /* 10451.cpp */,
				188E0A832AD6AB790064B7AB /* 10384.cpp */,
			);
			path = "10000~";
			sourceTree = "<group>";
		};
		1895C6EB2AB3050700CB1DAD /* 2000~ */ = {
			isa = PBXGroup;
			children = (
				1895C6EC2AB3051900CB1DAD /* 2631.cpp */,
				1895C6EE2AB308B100CB1DAD /* 2302.cpp */,
				1895C7002AB454C900CB1DAD /* 2250.cpp */,
				1855A6D72AB56D6900C74BB9 /* 2002.cpp */,
				18AF30562ABC142C004B8A21 /* 2457.cpp */,
				18EDE8AF2ACAAC81001FFB51 /* 2386.cpp */,
				1855A1472ACED20D0098A5E0 /* 2090.cpp */,
				188E0A7B2AD66FB70064B7AB /* 2798.cpp */,
				185077042AD7F3BA00B8A97E /* 2623.cpp */,
				185077062AD7FA6700B8A97E /* 2665.cpp */,
				18FA8F642ADD4A3B00C94505 /* 2870.cpp */,
				185F00FA2ADE8E530078B941 /* 2999.cpp */,
			);
			path = "2000~";
			sourceTree = "<group>";
		};
		1895C6F42AB44AF200CB1DAD /* 11000~ */ = {
			isa = PBXGroup;
			children = (
				1895C6F52AB44B0E00CB1DAD /* 11931.cpp */,
				18AF30682ABC4CB6004B8A21 /* 11559.cpp */,
				18FA8F5F2ADD34AA00C94505 /* 11780.cpp */,
				1844D9952ADFEC4D0011704C /* 11003.cpp */,
			);
			path = "11000~";
			sourceTree = "<group>";
		};
		1895C6F72AB44C5E00CB1DAD /* 15000~ */ = {
			isa = PBXGroup;
			children = (
				1895C6F82AB44CA000CB1DAD /* 15688.cpp */,
				18AF305A2ABC2DC5004B8A21 /* 15736.cpp */,
				18B2DB482ABEE3D20004E989 /* 15898.cpp */,
				186F15DB2ACD4B9900C21F03 /* 15685.cpp */,
				185F00FE2ADE985B0078B941 /* 15312.cpp */,
			);
			path = "15000~";
			sourceTree = "<group>";
		};
		1895C6FC2AB4513C00CB1DAD /* 13000~ */ = {
			isa = PBXGroup;
			children = (
				1895C6FE2AB4515000CB1DAD /* 13316.cpp */,
				18FC98462AB99A0F009D2AFB /* 13275.cpp */,
			);
			path = "13000~";
			sourceTree = "<group>";
		};
		1895C7042AB4691200CB1DAD /* 6000~ */ = {
			isa = PBXGroup;
			children = (
				1895C7052AB4693700CB1DAD /* 6359.cpp */,
				18FD2C1C2AD9480800A593BC /* 6118.cpp */,
				18FD2C202AD957D000A593BC /* 6497.cpp */,
				1844D98F2ADFD14A0011704C /* 6581.cpp */,
				1844D9912ADFD9A10011704C /* 6198.cpp */,
				1844D9932ADFDF6F0011704C /* 6549.cpp */,
			);
			path = "6000~";
			sourceTree = "<group>";
		};
		18AF305C2ABC30D9004B8A21 /* 3000~ */ = {
			isa = PBXGroup;
			children = (
				18AF305D2ABC30E8004B8A21 /* 3036.cpp */,
				18FA8F622ADD46DA00C94505 /* 3613.cpp */,
				1844D9882ADFB8620011704C /* 3107.cpp */,
			);
			path = "3000~";
			sourceTree = "<group>";
		};
		18AF305F2ABC3715004B8A21 /* 18000~ */ = {
			isa = PBXGroup;
			children = (
				18AF30602ABC3762004B8A21 /* 18511.cpp */,
				185077082AD800C200B8A97E /* 18223.cpp */,
			);
			path = "18000~";
			sourceTree = "<group>";
		};
		18FC984A2AB99F41009D2AFB /* 16000~ */ = {
			isa = PBXGroup;
			children = (
				18FC984B2AB99F53009D2AFB /* 16163.cpp */,
				18AF30582ABC240A004B8A21 /* 16120.cpp */,
				188E0A7D2AD6734B0064B7AB /* 16987.cpp */,
				188E0A7F2AD67D7D0064B7AB /* 16988.cpp */,
				188E0A812AD6865E0064B7AB /* 16986.cpp */,
				185077002AD7DC9D00B8A97E /* 16985.cpp */,
				1844D98A2ADFBFCA0011704C /* 16719.cpp */,
			);
			path = "16000~";
			sourceTree = "<group>";
		};
/* End PBXGroup section */

/* Begin PBXNativeTarget section */
		18911DB12AAEF5600098F9C2 /* BOJ */ = {
			isa = PBXNativeTarget;
			buildConfigurationList = 18911DB92AAEF5600098F9C2 /* Build configuration list for PBXNativeTarget "BOJ" */;
			buildPhases = (
				18911DAE2AAEF5600098F9C2 /* Sources */,
				18911DAF2AAEF5600098F9C2 /* Frameworks */,
				18911DB02AAEF5600098F9C2 /* CopyFiles */,
			);
			buildRules = (
			);
			dependencies = (
			);
			name = BOJ;
			productName = BOJ;
			productReference = 18911DB22AAEF5600098F9C2 /* BOJ */;
			productType = "com.apple.product-type.tool";
		};
/* End PBXNativeTarget section */

/* Begin PBXProject section */
		18911DAA2AAEF5600098F9C2 /* Project object */ = {
			isa = PBXProject;
			attributes = {
				BuildIndependentTargetsInParallel = 1;
				LastUpgradeCheck = 1430;
				TargetAttributes = {
					18911DB12AAEF5600098F9C2 = {
						CreatedOnToolsVersion = 14.3.1;
					};
				};
			};
			buildConfigurationList = 18911DAD2AAEF5600098F9C2 /* Build configuration list for PBXProject "BOJ" */;
			compatibilityVersion = "Xcode 14.0";
			developmentRegion = en;
			hasScannedForEncodings = 0;
			knownRegions = (
				en,
				Base,
			);
			mainGroup = 18911DA92AAEF5600098F9C2;
			productRefGroup = 18911DB32AAEF5600098F9C2 /* Products */;
			projectDirPath = "";
			projectRoot = "";
			targets = (
				18911DB12AAEF5600098F9C2 /* BOJ */,
			);
		};
/* End PBXProject section */

/* Begin PBXSourcesBuildPhase section */
		18911DAE2AAEF5600098F9C2 /* Sources */ = {
			isa = PBXSourcesBuildPhase;
			buildActionMask = 2147483647;
			files = (
				18D5A4332AE10D6C001374B6 /* 5615.cpp in Sources */,
			);
			runOnlyForDeploymentPostprocessing = 0;
		};
/* End PBXSourcesBuildPhase section */

/* Begin XCBuildConfiguration section */
		18911DB72AAEF5600098F9C2 /* Debug */ = {
			isa = XCBuildConfiguration;
			buildSettings = {
				ALWAYS_SEARCH_USER_PATHS = NO;
				CLANG_ANALYZER_NONNULL = YES;
				CLANG_ANALYZER_NUMBER_OBJECT_CONVERSION = YES_AGGRESSIVE;
				CLANG_CXX_LANGUAGE_STANDARD = "gnu++20";
				CLANG_ENABLE_MODULES = YES;
				CLANG_ENABLE_OBJC_ARC = YES;
				CLANG_ENABLE_OBJC_WEAK = YES;
				CLANG_WARN_BLOCK_CAPTURE_AUTORELEASING = YES;
				CLANG_WARN_BOOL_CONVERSION = YES;
				CLANG_WARN_COMMA = YES;
				CLANG_WARN_CONSTANT_CONVERSION = YES;
				CLANG_WARN_DEPRECATED_OBJC_IMPLEMENTATIONS = YES;
				CLANG_WARN_DIRECT_OBJC_ISA_USAGE = YES_ERROR;
				CLANG_WARN_DOCUMENTATION_COMMENTS = YES;
				CLANG_WARN_EMPTY_BODY = YES;
				CLANG_WARN_ENUM_CONVERSION = YES;
				CLANG_WARN_INFINITE_RECURSION = YES;
				CLANG_WARN_INT_CONVERSION = YES;
				CLANG_WARN_NON_LITERAL_NULL_CONVERSION = YES;
				CLANG_WARN_OBJC_IMPLICIT_RETAIN_SELF = YES;
				CLANG_WARN_OBJC_LITERAL_CONVERSION = YES;
				CLANG_WARN_OBJC_ROOT_CLASS = YES_ERROR;
				CLANG_WARN_QUOTED_INCLUDE_IN_FRAMEWORK_HEADER = YES;
				CLANG_WARN_RANGE_LOOP_ANALYSIS = YES;
				CLANG_WARN_STRICT_PROTOTYPES = YES;
				CLANG_WARN_SUSPICIOUS_MOVE = YES;
				CLANG_WARN_UNGUARDED_AVAILABILITY = YES_AGGRESSIVE;
				CLANG_WARN_UNREACHABLE_CODE = YES;
				CLANG_WARN__DUPLICATE_METHOD_MATCH = YES;
				COPY_PHASE_STRIP = NO;
				DEBUG_INFORMATION_FORMAT = dwarf;
				ENABLE_STRICT_OBJC_MSGSEND = YES;
				ENABLE_TESTABILITY = YES;
				GCC_C_LANGUAGE_STANDARD = gnu11;
				GCC_DYNAMIC_NO_PIC = NO;
				GCC_NO_COMMON_BLOCKS = YES;
				GCC_OPTIMIZATION_LEVEL = 0;
				GCC_PREPROCESSOR_DEFINITIONS = (
					"DEBUG=1",
					"$(inherited)",
				);
				GCC_WARN_64_TO_32_BIT_CONVERSION = YES;
				GCC_WARN_ABOUT_RETURN_TYPE = YES_ERROR;
				GCC_WARN_UNDECLARED_SELECTOR = YES;
				GCC_WARN_UNINITIALIZED_AUTOS = YES_AGGRESSIVE;
				GCC_WARN_UNUSED_FUNCTION = YES;
				GCC_WARN_UNUSED_VARIABLE = YES;
				MACOSX_DEPLOYMENT_TARGET = 13.3;
				MTL_ENABLE_DEBUG_INFO = INCLUDE_SOURCE;
				MTL_FAST_MATH = YES;
				ONLY_ACTIVE_ARCH = YES;
				SDKROOT = macosx;
			};
			name = Debug;
		};
		18911DB82AAEF5600098F9C2 /* Release */ = {
			isa = XCBuildConfiguration;
			buildSettings = {
				ALWAYS_SEARCH_USER_PATHS = NO;
				CLANG_ANALYZER_NONNULL = YES;
				CLANG_ANALYZER_NUMBER_OBJECT_CONVERSION = YES_AGGRESSIVE;
				CLANG_CXX_LANGUAGE_STANDARD = "gnu++20";
				CLANG_ENABLE_MODULES = YES;
				CLANG_ENABLE_OBJC_ARC = YES;
				CLANG_ENABLE_OBJC_WEAK = YES;
				CLANG_WARN_BLOCK_CAPTURE_AUTORELEASING = YES;
				CLANG_WARN_BOOL_CONVERSION = YES;
				CLANG_WARN_COMMA = YES;
				CLANG_WARN_CONSTANT_CONVERSION = YES;
				CLANG_WARN_DEPRECATED_OBJC_IMPLEMENTATIONS = YES;
				CLANG_WARN_DIRECT_OBJC_ISA_USAGE = YES_ERROR;
				CLANG_WARN_DOCUMENTATION_COMMENTS = YES;
				CLANG_WARN_EMPTY_BODY = YES;
				CLANG_WARN_ENUM_CONVERSION = YES;
				CLANG_WARN_INFINITE_RECURSION = YES;
				CLANG_WARN_INT_CONVERSION = YES;
				CLANG_WARN_NON_LITERAL_NULL_CONVERSION = YES;
				CLANG_WARN_OBJC_IMPLICIT_RETAIN_SELF = YES;
				CLANG_WARN_OBJC_LITERAL_CONVERSION = YES;
				CLANG_WARN_OBJC_ROOT_CLASS = YES_ERROR;
				CLANG_WARN_QUOTED_INCLUDE_IN_FRAMEWORK_HEADER = YES;
				CLANG_WARN_RANGE_LOOP_ANALYSIS = YES;
				CLANG_WARN_STRICT_PROTOTYPES = YES;
				CLANG_WARN_SUSPICIOUS_MOVE = YES;
				CLANG_WARN_UNGUARDED_AVAILABILITY = YES_AGGRESSIVE;
				CLANG_WARN_UNREACHABLE_CODE = YES;
				CLANG_WARN__DUPLICATE_METHOD_MATCH = YES;
				COPY_PHASE_STRIP = NO;
				DEBUG_INFORMATION_FORMAT = "dwarf-with-dsym";
				ENABLE_NS_ASSERTIONS = NO;
				ENABLE_STRICT_OBJC_MSGSEND = YES;
				GCC_C_LANGUAGE_STANDARD = gnu11;
				GCC_NO_COMMON_BLOCKS = YES;
				GCC_WARN_64_TO_32_BIT_CONVERSION = YES;
				GCC_WARN_ABOUT_RETURN_TYPE = YES_ERROR;
				GCC_WARN_UNDECLARED_SELECTOR = YES;
				GCC_WARN_UNINITIALIZED_AUTOS = YES_AGGRESSIVE;
				GCC_WARN_UNUSED_FUNCTION = YES;
				GCC_WARN_UNUSED_VARIABLE = YES;
				MACOSX_DEPLOYMENT_TARGET = 13.3;
				MTL_ENABLE_DEBUG_INFO = NO;
				MTL_FAST_MATH = YES;
				SDKROOT = macosx;
			};
			name = Release;
		};
		18911DBA2AAEF5600098F9C2 /* Debug */ = {
			isa = XCBuildConfiguration;
			buildSettings = {
				CODE_SIGN_STYLE = Automatic;
				DEVELOPMENT_TEAM = 5Y5VTS9TNQ;
				ENABLE_HARDENED_RUNTIME = YES;
				ENABLE_TESTABILITY = NO;
				GCC_NO_COMMON_BLOCKS = NO;
				PRODUCT_NAME = "$(TARGET_NAME)";
			};
			name = Debug;
		};
		18911DBB2AAEF5600098F9C2 /* Release */ = {
			isa = XCBuildConfiguration;
			buildSettings = {
				CODE_SIGN_STYLE = Automatic;
				DEVELOPMENT_TEAM = 5Y5VTS9TNQ;
				ENABLE_HARDENED_RUNTIME = YES;
				ENABLE_TESTABILITY = NO;
				GCC_NO_COMMON_BLOCKS = NO;
				PRODUCT_NAME = "$(TARGET_NAME)";
			};
			name = Release;
		};
/* End XCBuildConfiguration section */

/* Begin XCConfigurationList section */
		18911DAD2AAEF5600098F9C2 /* Build configuration list for PBXProject "BOJ" */ = {
			isa = XCConfigurationList;
			buildConfigurations = (
				18911DB72AAEF5600098F9C2 /* Debug */,
				18911DB82AAEF5600098F9C2 /* Release */,
			);
			defaultConfigurationIsVisible = 0;
			defaultConfigurationName = Release;
		};
		18911DB92AAEF5600098F9C2 /* Build configuration list for PBXNativeTarget "BOJ" */ = {
			isa = XCConfigurationList;
			buildConfigurations = (
				18911DBA2AAEF5600098F9C2 /* Debug */,
				18911DBB2AAEF5600098F9C2 /* Release */,
			);
			defaultConfigurationIsVisible = 0;
			defaultConfigurationName = Release;
		};
/* End XCConfigurationList section */
	};
	rootObject = 18911DAA2AAEF5600098F9C2 /* Project object */;
}
