// !$*UTF8*$!
{
	archiveVersion = 1;
	classes = {
	};
	objectVersion = 56;
	objects = {

/* Begin PBXCopyFilesBuildPhase section */
		18911DB02AAEF5600098F9C2 /* CopyFiles */ = {
			isa = PBXCopyFilesBuildPhase;
			buildActionMask = 2147483647;
			dstPath = /usr/share/man/man1/;
			dstSubfolderSpec = 0;
			files = (
			);
			runOnlyForDeploymentPostprocessing = 1;
		};
/* End PBXCopyFilesBuildPhase section */

/* Begin PBXFileReference section */
		183645AC2AB0381B00AEE9B5 /* 20437.cpp */ = {isa = PBXFileReference; lastKnownFileType = sourcecode.cpp.cpp; path = 20437.cpp; sourceTree = "<group>"; };
		183645B12AB0482B00AEE9B5 /* 1245.cpp */ = {isa = PBXFileReference; lastKnownFileType = sourcecode.cpp.cpp; path = 1245.cpp; sourceTree = "<group>"; };
		183645C72AB05B2D00AEE9B5 /* 5557.cpp */ = {isa = PBXFileReference; lastKnownFileType = sourcecode.cpp.cpp; path = 5557.cpp; sourceTree = "<group>"; };
		183645CB2AB05EC100AEE9B5 /* 9084.cpp */ = {isa = PBXFileReference; lastKnownFileType = sourcecode.cpp.cpp; path = 9084.cpp; sourceTree = "<group>"; };
		18510C862AB82BC000162E29 /* Centroid Decomposition(7045 참고).cpp */ = {isa = PBXFileReference; lastKnownFileType = sourcecode.cpp.cpp; path = "Centroid Decomposition(7045 참고).cpp"; sourceTree = "<group>"; };
		18510C892AB82E4200162E29 /* 7045.cpp */ = {isa = PBXFileReference; lastKnownFileType = sourcecode.cpp.cpp; path = 7045.cpp; sourceTree = "<group>"; };
		18510C8F2AB8469300162E29 /* 30028.cpp */ = {isa = PBXFileReference; lastKnownFileType = sourcecode.cpp.cpp; path = 30028.cpp; sourceTree = "<group>"; };
		1855A6D72AB56D6900C74BB9 /* 2002.cpp */ = {isa = PBXFileReference; lastKnownFileType = sourcecode.cpp.cpp; path = 2002.cpp; sourceTree = "<group>"; };
		1855A6DA2AB5788400C74BB9 /* 29813.cpp */ = {isa = PBXFileReference; lastKnownFileType = sourcecode.cpp.cpp; path = 29813.cpp; sourceTree = "<group>"; };
		1855A6DE2AB57C1300C74BB9 /* 14442.cpp */ = {isa = PBXFileReference; lastKnownFileType = sourcecode.cpp.cpp; path = 14442.cpp; sourceTree = "<group>"; };
		18911DB22AAEF5600098F9C2 /* BOJ */ = {isa = PBXFileReference; explicitFileType = "compiled.mach-o.executable"; includeInIndex = 0; path = BOJ; sourceTree = BUILT_PRODUCTS_DIR; };
		18911DB52AAEF5600098F9C2 /* main.cpp */ = {isa = PBXFileReference; lastKnownFileType = sourcecode.cpp.cpp; path = main.cpp; sourceTree = "<group>"; };
		18911DBD2AAEF67D0098F9C2 /* 29737.cpp */ = {isa = PBXFileReference; lastKnownFileType = sourcecode.cpp.cpp; path = 29737.cpp; sourceTree = "<group>"; };
		18911DC12AAF01810098F9C2 /* 23736.cpp */ = {isa = PBXFileReference; lastKnownFileType = sourcecode.cpp.cpp; path = 23736.cpp; sourceTree = "<group>"; };
		18911DC42AAF03840098F9C2 /* 29733.cpp */ = {isa = PBXFileReference; lastKnownFileType = sourcecode.cpp.cpp; path = 29733.cpp; sourceTree = "<group>"; };
		18911DC82AAF14E10098F9C2 /* 29703.cpp */ = {isa = PBXFileReference; lastKnownFileType = sourcecode.cpp.cpp; path = 29703.cpp; sourceTree = "<group>"; };
		18911DCB2AAF26E70098F9C2 /* 17071.cpp */ = {isa = PBXFileReference; lastKnownFileType = sourcecode.cpp.cpp; path = 17071.cpp; sourceTree = "<group>"; };
		1895C6E62AB2F01500CB1DAD /* 1965.cpp */ = {isa = PBXFileReference; lastKnownFileType = sourcecode.cpp.cpp; path = 1965.cpp; sourceTree = "<group>"; };
		1895C6E92AB2F40F00CB1DAD /* 10164.cpp */ = {isa = PBXFileReference; lastKnownFileType = sourcecode.cpp.cpp; path = 10164.cpp; sourceTree = "<group>"; };
		1895C6EC2AB3051900CB1DAD /* 2631.cpp */ = {isa = PBXFileReference; lastKnownFileType = sourcecode.cpp.cpp; path = 2631.cpp; sourceTree = "<group>"; };
		1895C6EE2AB308B100CB1DAD /* 2302.cpp */ = {isa = PBXFileReference; lastKnownFileType = sourcecode.cpp.cpp; path = 2302.cpp; sourceTree = "<group>"; };
		1895C6F02AB314AD00CB1DAD /* 1495.cpp */ = {isa = PBXFileReference; lastKnownFileType = sourcecode.cpp.cpp; path = 1495.cpp; sourceTree = "<group>"; };
		1895C6F22AB31CB500CB1DAD /* 17069.cpp */ = {isa = PBXFileReference; lastKnownFileType = sourcecode.cpp.cpp; path = 17069.cpp; sourceTree = "<group>"; };
		1895C6F52AB44B0E00CB1DAD /* 11931.cpp */ = {isa = PBXFileReference; lastKnownFileType = sourcecode.cpp.cpp; path = 11931.cpp; sourceTree = "<group>"; };
		1895C6F82AB44CA000CB1DAD /* 15688.cpp */ = {isa = PBXFileReference; lastKnownFileType = sourcecode.cpp.cpp; path = 15688.cpp; sourceTree = "<group>"; };
		1895C6FA2AB44D9900CB1DAD /* 10867.cpp */ = {isa = PBXFileReference; lastKnownFileType = sourcecode.cpp.cpp; path = 10867.cpp; sourceTree = "<group>"; };
		1895C6FE2AB4515000CB1DAD /* 13316.cpp */ = {isa = PBXFileReference; lastKnownFileType = sourcecode.cpp.cpp; path = 13316.cpp; sourceTree = "<group>"; };
		1895C7002AB454C900CB1DAD /* 2250.cpp */ = {isa = PBXFileReference; lastKnownFileType = sourcecode.cpp.cpp; path = 2250.cpp; sourceTree = "<group>"; };
		1895C7022AB45B8D00CB1DAD /* 10217.cpp */ = {isa = PBXFileReference; lastKnownFileType = sourcecode.cpp.cpp; path = 10217.cpp; sourceTree = "<group>"; };
		1895C7052AB4693700CB1DAD /* 6359.cpp */ = {isa = PBXFileReference; lastKnownFileType = sourcecode.cpp.cpp; path = 6359.cpp; sourceTree = "<group>"; };
		1895C7072AB46E9200CB1DAD /* 1145.cpp */ = {isa = PBXFileReference; lastKnownFileType = sourcecode.cpp.cpp; path = 1145.cpp; sourceTree = "<group>"; };
/* End PBXFileReference section */

/* Begin PBXFrameworksBuildPhase section */
		18911DAF2AAEF5600098F9C2 /* Frameworks */ = {
			isa = PBXFrameworksBuildPhase;
			buildActionMask = 2147483647;
			files = (
			);
			runOnlyForDeploymentPostprocessing = 0;
		};
/* End PBXFrameworksBuildPhase section */

/* Begin PBXGroup section */
		183645AE2AB0477000AEE9B5 /* 29000~ */ = {
			isa = PBXGroup;
			children = (
				18911DBD2AAEF67D0098F9C2 /* 29737.cpp */,
				18911DC42AAF03840098F9C2 /* 29733.cpp */,
				18911DC82AAF14E10098F9C2 /* 29703.cpp */,
				1855A6DA2AB5788400C74BB9 /* 29813.cpp */,
			);
			path = "29000~";
			sourceTree = "<group>";
		};
		183645AF2AB0481200AEE9B5 /* 00000++ */ = {
			isa = PBXGroup;
			children = (
				18510C882AB82E3900162E29 /* 7000~ */,
				183645B02AB0481D00AEE9B5 /* 1000~ */,
				1895C6EB2AB3050700CB1DAD /* 2000~ */,
				183645C62AB05B1D00AEE9B5 /* 5000~ */,
				1895C7042AB4691200CB1DAD /* 6000~ */,
				183645CA2AB05EB100AEE9B5 /* 9000~ */,
			);
			path = "00000++";
			sourceTree = "<group>";
		};
		183645B02AB0481D00AEE9B5 /* 1000~ */ = {
			isa = PBXGroup;
			children = (
				183645B12AB0482B00AEE9B5 /* 1245.cpp */,
				1895C6E62AB2F01500CB1DAD /* 1965.cpp */,
				1895C6F02AB314AD00CB1DAD /* 1495.cpp */,
				1895C7072AB46E9200CB1DAD /* 1145.cpp */,
			);
			path = "1000~";
			sourceTree = "<group>";
		};
		183645C62AB05B1D00AEE9B5 /* 5000~ */ = {
			isa = PBXGroup;
			children = (
				183645C72AB05B2D00AEE9B5 /* 5557.cpp */,
			);
			path = "5000~";
			sourceTree = "<group>";
		};
		183645CA2AB05EB100AEE9B5 /* 9000~ */ = {
			isa = PBXGroup;
			children = (
				183645CB2AB05EC100AEE9B5 /* 9084.cpp */,
			);
			path = "9000~";
			sourceTree = "<group>";
		};
		183645CE2AB0763A00AEE9B5 /* 23000~ */ = {
			isa = PBXGroup;
			children = (
				18911DC12AAF01810098F9C2 /* 23736.cpp */,
			);
			path = "23000~";
			sourceTree = "<group>";
		};
		183645CF2AB0769C00AEE9B5 /* 20000~ */ = {
			isa = PBXGroup;
			children = (
				183645AC2AB0381B00AEE9B5 /* 20437.cpp */,
			);
			path = "20000~";
			sourceTree = "<group>";
		};
		183645D02AB076EA00AEE9B5 /* 17000~ */ = {
			isa = PBXGroup;
			children = (
				18911DCB2AAF26E70098F9C2 /* 17071.cpp */,
				1895C6F22AB31CB500CB1DAD /* 17069.cpp */,
			);
			path = "17000~";
			sourceTree = "<group>";
		};
		18510C882AB82E3900162E29 /* 7000~ */ = {
			isa = PBXGroup;
			children = (
				18510C892AB82E4200162E29 /* 7045.cpp */,
				18510C862AB82BC000162E29 /* Centroid Decomposition(7045 참고).cpp */,
			);
			path = "7000~";
			sourceTree = "<group>";
		};
		18510C8D2AB8467E00162E29 /* 30000++ */ = {
			isa = PBXGroup;
			children = (
				18510C8E2AB8468600162E29 /* 30000~ */,
			);
			path = "30000++";
			sourceTree = "<group>";
		};
		18510C8E2AB8468600162E29 /* 30000~ */ = {
			isa = PBXGroup;
			children = (
				18510C8F2AB8469300162E29 /* 30028.cpp */,
			);
			path = "30000~";
			sourceTree = "<group>";
		};
		1855A6DC2AB57BF000C74BB9 /* 14000~ */ = {
			isa = PBXGroup;
			children = (
				1855A6DE2AB57C1300C74BB9 /* 14442.cpp */,
			);
			path = "14000~";
			sourceTree = "<group>";
		};
		18911DA92AAEF5600098F9C2 = {
			isa = PBXGroup;
			children = (
				18911DB42AAEF5600098F9C2 /* BOJ */,
				18911DB32AAEF5600098F9C2 /* Products */,
			);
			sourceTree = "<group>";
		};
		18911DB32AAEF5600098F9C2 /* Products */ = {
			isa = PBXGroup;
			children = (
				18911DB22AAEF5600098F9C2 /* BOJ */,
			);
			name = Products;
			sourceTree = "<group>";
		};
		18911DB42AAEF5600098F9C2 /* BOJ */ = {
			isa = PBXGroup;
			children = (
				18510C8D2AB8467E00162E29 /* 30000++ */,
				183645AF2AB0481200AEE9B5 /* 00000++ */,
				18911DCA2AAF26D90098F9C2 /* 10000++ */,
				18911DBC2AAEF6450098F9C2 /* 20000++ */,
				18911DB52AAEF5600098F9C2 /* main.cpp */,
			);
			path = BOJ;
			sourceTree = "<group>";
		};
		18911DBC2AAEF6450098F9C2 /* 20000++ */ = {
			isa = PBXGroup;
			children = (
				183645CF2AB0769C00AEE9B5 /* 20000~ */,
				183645CE2AB0763A00AEE9B5 /* 23000~ */,
				183645AE2AB0477000AEE9B5 /* 29000~ */,
			);
			path = "20000++";
			sourceTree = "<group>";
		};
		18911DCA2AAF26D90098F9C2 /* 10000++ */ = {
			isa = PBXGroup;
			children = (
				1855A6DC2AB57BF000C74BB9 /* 14000~ */,
				1895C6E82AB2F40300CB1DAD /* 10000~ */,
				1895C6F42AB44AF200CB1DAD /* 11000~ */,
				1895C6FC2AB4513C00CB1DAD /* 13000~ */,
				1895C6F72AB44C5E00CB1DAD /* 15000~ */,
				183645D02AB076EA00AEE9B5 /* 17000~ */,
			);
			path = "10000++";
			sourceTree = "<group>";
		};
		1895C6E82AB2F40300CB1DAD /* 10000~ */ = {
			isa = PBXGroup;
			children = (
				1895C6E92AB2F40F00CB1DAD /* 10164.cpp */,
				1895C6FA2AB44D9900CB1DAD /* 10867.cpp */,
				1895C7022AB45B8D00CB1DAD /* 10217.cpp */,
			);
			path = "10000~";
			sourceTree = "<group>";
		};
		1895C6EB2AB3050700CB1DAD /* 2000~ */ = {
			isa = PBXGroup;
			children = (
				1895C6EC2AB3051900CB1DAD /* 2631.cpp */,
				1895C6EE2AB308B100CB1DAD /* 2302.cpp */,
				1895C7002AB454C900CB1DAD /* 2250.cpp */,
				1855A6D72AB56D6900C74BB9 /* 2002.cpp */,
			);
			path = "2000~";
			sourceTree = "<group>";
		};
		1895C6F42AB44AF200CB1DAD /* 11000~ */ = {
			isa = PBXGroup;
			children = (
				1895C6F52AB44B0E00CB1DAD /* 11931.cpp */,
			);
			path = "11000~";
			sourceTree = "<group>";
		};
		1895C6F72AB44C5E00CB1DAD /* 15000~ */ = {
			isa = PBXGroup;
			children = (
				1895C6F82AB44CA000CB1DAD /* 15688.cpp */,
			);
			path = "15000~";
			sourceTree = "<group>";
		};
		1895C6FC2AB4513C00CB1DAD /* 13000~ */ = {
			isa = PBXGroup;
			children = (
				1895C6FE2AB4515000CB1DAD /* 13316.cpp */,
			);
			path = "13000~";
			sourceTree = "<group>";
		};
		1895C7042AB4691200CB1DAD /* 6000~ */ = {
			isa = PBXGroup;
			children = (
				1895C7052AB4693700CB1DAD /* 6359.cpp */,
			);
			path = "6000~";
			sourceTree = "<group>";
		};
/* End PBXGroup section */

/* Begin PBXNativeTarget section */
		18911DB12AAEF5600098F9C2 /* BOJ */ = {
			isa = PBXNativeTarget;
			buildConfigurationList = 18911DB92AAEF5600098F9C2 /* Build configuration list for PBXNativeTarget "BOJ" */;
			buildPhases = (
				18911DAE2AAEF5600098F9C2 /* Sources */,
				18911DAF2AAEF5600098F9C2 /* Frameworks */,
				18911DB02AAEF5600098F9C2 /* CopyFiles */,
			);
			buildRules = (
			);
			dependencies = (
			);
			name = BOJ;
			productName = BOJ;
			productReference = 18911DB22AAEF5600098F9C2 /* BOJ */;
			productType = "com.apple.product-type.tool";
		};
/* End PBXNativeTarget section */

/* Begin PBXProject section */
		18911DAA2AAEF5600098F9C2 /* Project object */ = {
			isa = PBXProject;
			attributes = {
				BuildIndependentTargetsInParallel = 1;
				LastUpgradeCheck = 1430;
				TargetAttributes = {
					18911DB12AAEF5600098F9C2 = {
						CreatedOnToolsVersion = 14.3.1;
					};
				};
			};
			buildConfigurationList = 18911DAD2AAEF5600098F9C2 /* Build configuration list for PBXProject "BOJ" */;
			compatibilityVersion = "Xcode 14.0";
			developmentRegion = en;
			hasScannedForEncodings = 0;
			knownRegions = (
				en,
				Base,
			);
			mainGroup = 18911DA92AAEF5600098F9C2;
			productRefGroup = 18911DB32AAEF5600098F9C2 /* Products */;
			projectDirPath = "";
			projectRoot = "";
			targets = (
				18911DB12AAEF5600098F9C2 /* BOJ */,
			);
		};
/* End PBXProject section */

/* Begin PBXSourcesBuildPhase section */
		18911DAE2AAEF5600098F9C2 /* Sources */ = {
			isa = PBXSourcesBuildPhase;
			buildActionMask = 2147483647;
			files = (
			);
			runOnlyForDeploymentPostprocessing = 0;
		};
/* End PBXSourcesBuildPhase section */

/* Begin XCBuildConfiguration section */
		18911DB72AAEF5600098F9C2 /* Debug */ = {
			isa = XCBuildConfiguration;
			buildSettings = {
				ALWAYS_SEARCH_USER_PATHS = NO;
				CLANG_ANALYZER_NONNULL = YES;
				CLANG_ANALYZER_NUMBER_OBJECT_CONVERSION = YES_AGGRESSIVE;
				CLANG_CXX_LANGUAGE_STANDARD = "gnu++20";
				CLANG_ENABLE_MODULES = YES;
				CLANG_ENABLE_OBJC_ARC = YES;
				CLANG_ENABLE_OBJC_WEAK = YES;
				CLANG_WARN_BLOCK_CAPTURE_AUTORELEASING = YES;
				CLANG_WARN_BOOL_CONVERSION = YES;
				CLANG_WARN_COMMA = YES;
				CLANG_WARN_CONSTANT_CONVERSION = YES;
				CLANG_WARN_DEPRECATED_OBJC_IMPLEMENTATIONS = YES;
				CLANG_WARN_DIRECT_OBJC_ISA_USAGE = YES_ERROR;
				CLANG_WARN_DOCUMENTATION_COMMENTS = YES;
				CLANG_WARN_EMPTY_BODY = YES;
				CLANG_WARN_ENUM_CONVERSION = YES;
				CLANG_WARN_INFINITE_RECURSION = YES;
				CLANG_WARN_INT_CONVERSION = YES;
				CLANG_WARN_NON_LITERAL_NULL_CONVERSION = YES;
				CLANG_WARN_OBJC_IMPLICIT_RETAIN_SELF = YES;
				CLANG_WARN_OBJC_LITERAL_CONVERSION = YES;
				CLANG_WARN_OBJC_ROOT_CLASS = YES_ERROR;
				CLANG_WARN_QUOTED_INCLUDE_IN_FRAMEWORK_HEADER = YES;
				CLANG_WARN_RANGE_LOOP_ANALYSIS = YES;
				CLANG_WARN_STRICT_PROTOTYPES = YES;
				CLANG_WARN_SUSPICIOUS_MOVE = YES;
				CLANG_WARN_UNGUARDED_AVAILABILITY = YES_AGGRESSIVE;
				CLANG_WARN_UNREACHABLE_CODE = YES;
				CLANG_WARN__DUPLICATE_METHOD_MATCH = YES;
				COPY_PHASE_STRIP = NO;
				DEBUG_INFORMATION_FORMAT = dwarf;
				ENABLE_STRICT_OBJC_MSGSEND = YES;
				ENABLE_TESTABILITY = YES;
				GCC_C_LANGUAGE_STANDARD = gnu11;
				GCC_DYNAMIC_NO_PIC = NO;
				GCC_NO_COMMON_BLOCKS = YES;
				GCC_OPTIMIZATION_LEVEL = 0;
				GCC_PREPROCESSOR_DEFINITIONS = (
					"DEBUG=1",
					"$(inherited)",
				);
				GCC_WARN_64_TO_32_BIT_CONVERSION = YES;
				GCC_WARN_ABOUT_RETURN_TYPE = YES_ERROR;
				GCC_WARN_UNDECLARED_SELECTOR = YES;
				GCC_WARN_UNINITIALIZED_AUTOS = YES_AGGRESSIVE;
				GCC_WARN_UNUSED_FUNCTION = YES;
				GCC_WARN_UNUSED_VARIABLE = YES;
				MACOSX_DEPLOYMENT_TARGET = 13.3;
				MTL_ENABLE_DEBUG_INFO = INCLUDE_SOURCE;
				MTL_FAST_MATH = YES;
				ONLY_ACTIVE_ARCH = YES;
				SDKROOT = macosx;
			};
			name = Debug;
		};
		18911DB82AAEF5600098F9C2 /* Release */ = {
			isa = XCBuildConfiguration;
			buildSettings = {
				ALWAYS_SEARCH_USER_PATHS = NO;
				CLANG_ANALYZER_NONNULL = YES;
				CLANG_ANALYZER_NUMBER_OBJECT_CONVERSION = YES_AGGRESSIVE;
				CLANG_CXX_LANGUAGE_STANDARD = "gnu++20";
				CLANG_ENABLE_MODULES = YES;
				CLANG_ENABLE_OBJC_ARC = YES;
				CLANG_ENABLE_OBJC_WEAK = YES;
				CLANG_WARN_BLOCK_CAPTURE_AUTORELEASING = YES;
				CLANG_WARN_BOOL_CONVERSION = YES;
				CLANG_WARN_COMMA = YES;
				CLANG_WARN_CONSTANT_CONVERSION = YES;
				CLANG_WARN_DEPRECATED_OBJC_IMPLEMENTATIONS = YES;
				CLANG_WARN_DIRECT_OBJC_ISA_USAGE = YES_ERROR;
				CLANG_WARN_DOCUMENTATION_COMMENTS = YES;
				CLANG_WARN_EMPTY_BODY = YES;
				CLANG_WARN_ENUM_CONVERSION = YES;
				CLANG_WARN_INFINITE_RECURSION = YES;
				CLANG_WARN_INT_CONVERSION = YES;
				CLANG_WARN_NON_LITERAL_NULL_CONVERSION = YES;
				CLANG_WARN_OBJC_IMPLICIT_RETAIN_SELF = YES;
				CLANG_WARN_OBJC_LITERAL_CONVERSION = YES;
				CLANG_WARN_OBJC_ROOT_CLASS = YES_ERROR;
				CLANG_WARN_QUOTED_INCLUDE_IN_FRAMEWORK_HEADER = YES;
				CLANG_WARN_RANGE_LOOP_ANALYSIS = YES;
				CLANG_WARN_STRICT_PROTOTYPES = YES;
				CLANG_WARN_SUSPICIOUS_MOVE = YES;
				CLANG_WARN_UNGUARDED_AVAILABILITY = YES_AGGRESSIVE;
				CLANG_WARN_UNREACHABLE_CODE = YES;
				CLANG_WARN__DUPLICATE_METHOD_MATCH = YES;
				COPY_PHASE_STRIP = NO;
				DEBUG_INFORMATION_FORMAT = "dwarf-with-dsym";
				ENABLE_NS_ASSERTIONS = NO;
				ENABLE_STRICT_OBJC_MSGSEND = YES;
				GCC_C_LANGUAGE_STANDARD = gnu11;
				GCC_NO_COMMON_BLOCKS = YES;
				GCC_WARN_64_TO_32_BIT_CONVERSION = YES;
				GCC_WARN_ABOUT_RETURN_TYPE = YES_ERROR;
				GCC_WARN_UNDECLARED_SELECTOR = YES;
				GCC_WARN_UNINITIALIZED_AUTOS = YES_AGGRESSIVE;
				GCC_WARN_UNUSED_FUNCTION = YES;
				GCC_WARN_UNUSED_VARIABLE = YES;
				MACOSX_DEPLOYMENT_TARGET = 13.3;
				MTL_ENABLE_DEBUG_INFO = NO;
				MTL_FAST_MATH = YES;
				SDKROOT = macosx;
			};
			name = Release;
		};
		18911DBA2AAEF5600098F9C2 /* Debug */ = {
			isa = XCBuildConfiguration;
			buildSettings = {
				CODE_SIGN_STYLE = Automatic;
				DEVELOPMENT_TEAM = 5Y5VTS9TNQ;
				ENABLE_HARDENED_RUNTIME = YES;
				ENABLE_TESTABILITY = NO;
				GCC_NO_COMMON_BLOCKS = NO;
				PRODUCT_NAME = "$(TARGET_NAME)";
			};
			name = Debug;
		};
		18911DBB2AAEF5600098F9C2 /* Release */ = {
			isa = XCBuildConfiguration;
			buildSettings = {
				CODE_SIGN_STYLE = Automatic;
				DEVELOPMENT_TEAM = 5Y5VTS9TNQ;
				ENABLE_HARDENED_RUNTIME = YES;
				ENABLE_TESTABILITY = NO;
				GCC_NO_COMMON_BLOCKS = NO;
				PRODUCT_NAME = "$(TARGET_NAME)";
			};
			name = Release;
		};
/* End XCBuildConfiguration section */

/* Begin XCConfigurationList section */
		18911DAD2AAEF5600098F9C2 /* Build configuration list for PBXProject "BOJ" */ = {
			isa = XCConfigurationList;
			buildConfigurations = (
				18911DB72AAEF5600098F9C2 /* Debug */,
				18911DB82AAEF5600098F9C2 /* Release */,
			);
			defaultConfigurationIsVisible = 0;
			defaultConfigurationName = Release;
		};
		18911DB92AAEF5600098F9C2 /* Build configuration list for PBXNativeTarget "BOJ" */ = {
			isa = XCConfigurationList;
			buildConfigurations = (
				18911DBA2AAEF5600098F9C2 /* Debug */,
				18911DBB2AAEF5600098F9C2 /* Release */,
			);
			defaultConfigurationIsVisible = 0;
			defaultConfigurationName = Release;
		};
/* End XCConfigurationList section */
	};
	rootObject = 18911DAA2AAEF5600098F9C2 /* Project object */;
}
